// !$*UTF8*$!
{
	archiveVersion = 1;
	classes = {
	};
	objectVersion = 48;
	objects = {

/* Begin PBXBuildFile section */
		A51CE7901F826959003B8FD6 /* AppDelegate.swift in Sources */ = {isa = PBXBuildFile; fileRef = A51CE78F1F826959003B8FD6 /* AppDelegate.swift */; };
		A51CE7921F826959003B8FD6 /* ViewController.swift in Sources */ = {isa = PBXBuildFile; fileRef = A51CE7911F826959003B8FD6 /* ViewController.swift */; };
		A51CE7951F826959003B8FD6 /* Main.storyboard in Resources */ = {isa = PBXBuildFile; fileRef = A51CE7931F826959003B8FD6 /* Main.storyboard */; };
		A51CE79A1F826959003B8FD6 /* LaunchScreen.storyboard in Resources */ = {isa = PBXBuildFile; fileRef = A51CE7981F826959003B8FD6 /* LaunchScreen.storyboard */; };
		A51CE7A51F826F76003B8FD6 /* Pokemon.swift in Sources */ = {isa = PBXBuildFile; fileRef = A51CE7A41F826F76003B8FD6 /* Pokemon.swift */; };
		A51CE7A81F8276C4003B8FD6 /* PokemonCell.swift in Sources */ = {isa = PBXBuildFile; fileRef = A51CE7A71F8276C4003B8FD6 /* PokemonCell.swift */; };
		A535AFA31F82881F007CEB79 /* Assets.xcassets in Resources */ = {isa = PBXBuildFile; fileRef = A51CE7A11F826D12003B8FD6 /* Assets.xcassets */; };
		A57D53111F82CAA800620FE5 /* csv.swift in Sources */ = {isa = PBXBuildFile; fileRef = A57D53101F82CAA800620FE5 /* csv.swift */; };
		A5AF9C941F8D13D80022A79B /* PokemonDetailViewController.swift in Sources */ = {isa = PBXBuildFile; fileRef = A5AF9C931F8D13D80022A79B /* PokemonDetailViewController.swift */; };
		A5E7D91F1F82D6000047E048 /* pokemon.csv in Resources */ = {isa = PBXBuildFile; fileRef = A51CE7A21F826D2E003B8FD6 /* pokemon.csv */; };
		A5FCCFCF1F8BFBA50011EB58 /* Info.plist in Resources */ = {isa = PBXBuildFile; fileRef = A51CE79B1F826959003B8FD6 /* Info.plist */; };
		A5FCCFD11F8BFBFF0011EB58 /* pokemon.ttf in Resources */ = {isa = PBXBuildFile; fileRef = A5FCCFD01F8BFBFC0011EB58 /* pokemon.ttf */; };
		A5FCCFD31F8BFC2C0011EB58 /* music.mp3 in Resources */ = {isa = PBXBuildFile; fileRef = A5FCCFD21F8BFC290011EB58 /* music.mp3 */; };
		E759E9662271D4EBD64C848B /* Pods_PokedexApplication.framework in Frameworks */ = {isa = PBXBuildFile; fileRef = DF736EE1F6EB196556DFF744 /* Pods_PokedexApplication.framework */; };
/* End PBXBuildFile section */

/* Begin PBXFileReference section */
		6BDFB46D9C3C210AD9A4E31F /* Pods-PokedexApplication.release.xcconfig */ = {isa = PBXFileReference; includeInIndex = 1; lastKnownFileType = text.xcconfig; name = "Pods-PokedexApplication.release.xcconfig"; path = "Pods/Target Support Files/Pods-PokedexApplication/Pods-PokedexApplication.release.xcconfig"; sourceTree = "<group>"; };
		A51CE78C1F826959003B8FD6 /* PokedexApplication.app */ = {isa = PBXFileReference; explicitFileType = wrapper.application; includeInIndex = 0; path = PokedexApplication.app; sourceTree = BUILT_PRODUCTS_DIR; };
		A51CE78F1F826959003B8FD6 /* AppDelegate.swift */ = {isa = PBXFileReference; lastKnownFileType = sourcecode.swift; path = AppDelegate.swift; sourceTree = "<group>"; };
		A51CE7911F826959003B8FD6 /* ViewController.swift */ = {isa = PBXFileReference; lastKnownFileType = sourcecode.swift; path = ViewController.swift; sourceTree = "<group>"; };
		A51CE7941F826959003B8FD6 /* Base */ = {isa = PBXFileReference; lastKnownFileType = file.storyboard; name = Base; path = Base.lproj/Main.storyboard; sourceTree = "<group>"; };
		A51CE7991F826959003B8FD6 /* Base */ = {isa = PBXFileReference; lastKnownFileType = file.storyboard; name = Base; path = Base.lproj/LaunchScreen.storyboard; sourceTree = "<group>"; };
		A51CE79B1F826959003B8FD6 /* Info.plist */ = {isa = PBXFileReference; lastKnownFileType = text.plist.xml; path = Info.plist; sourceTree = "<group>"; };
		A51CE7A11F826D12003B8FD6 /* Assets.xcassets */ = {isa = PBXFileReference; lastKnownFileType = folder.assetcatalog; path = Assets.xcassets; sourceTree = "<group>"; };
		A51CE7A21F826D2E003B8FD6 /* pokemon.csv */ = {isa = PBXFileReference; lastKnownFileType = text; path = pokemon.csv; sourceTree = "<group>"; };
		A51CE7A41F826F76003B8FD6 /* Pokemon.swift */ = {isa = PBXFileReference; lastKnownFileType = sourcecode.swift; path = Pokemon.swift; sourceTree = "<group>"; };
		A51CE7A71F8276C4003B8FD6 /* PokemonCell.swift */ = {isa = PBXFileReference; lastKnownFileType = sourcecode.swift; path = PokemonCell.swift; sourceTree = "<group>"; };
		A57D53101F82CAA800620FE5 /* csv.swift */ = {isa = PBXFileReference; lastKnownFileType = sourcecode.swift; path = csv.swift; sourceTree = "<group>"; };
		A5AF9C931F8D13D80022A79B /* PokemonDetailViewController.swift */ = {isa = PBXFileReference; lastKnownFileType = sourcecode.swift; path = PokemonDetailViewController.swift; sourceTree = "<group>"; };
		A5E7D91D1F82CF6D0047E048 /* PokedexApplication.xcworkspace */ = {isa = PBXFileReference; lastKnownFileType = wrapper.workspace; path = PokedexApplication.xcworkspace; sourceTree = "<group>"; };
		A5FCCFD01F8BFBFC0011EB58 /* pokemon.ttf */ = {isa = PBXFileReference; lastKnownFileType = file; path = pokemon.ttf; sourceTree = "<group>"; };
		A5FCCFD21F8BFC290011EB58 /* music.mp3 */ = {isa = PBXFileReference; lastKnownFileType = audio.mp3; path = music.mp3; sourceTree = "<group>"; };
		AE45BC78F13CAD25FF36A3D7 /* Pods-PokedexApplication.debug.xcconfig */ = {isa = PBXFileReference; includeInIndex = 1; lastKnownFileType = text.xcconfig; name = "Pods-PokedexApplication.debug.xcconfig"; path = "Pods/Target Support Files/Pods-PokedexApplication/Pods-PokedexApplication.debug.xcconfig"; sourceTree = "<group>"; };
		DF736EE1F6EB196556DFF744 /* Pods_PokedexApplication.framework */ = {isa = PBXFileReference; explicitFileType = wrapper.framework; includeInIndex = 0; path = Pods_PokedexApplication.framework; sourceTree = BUILT_PRODUCTS_DIR; };
/* End PBXFileReference section */

/* Begin PBXFrameworksBuildPhase section */
		A51CE7891F826959003B8FD6 /* Frameworks */ = {
			isa = PBXFrameworksBuildPhase;
			buildActionMask = 2147483647;
			files = (
				E759E9662271D4EBD64C848B /* Pods_PokedexApplication.framework in Frameworks */,
			);
			runOnlyForDeploymentPostprocessing = 0;
		};
/* End PBXFrameworksBuildPhase section */

/* Begin PBXGroup section */
		22B58851D73B0908563AA6AC /* Frameworks */ = {
			isa = PBXGroup;
			children = (
				A5E7D91D1F82CF6D0047E048 /* PokedexApplication.xcworkspace */,
				DF736EE1F6EB196556DFF744 /* Pods_PokedexApplication.framework */,
			);
			name = Frameworks;
			sourceTree = "<group>";
		};
		40C4D1142A4418A0C77F9200 /* Pods */ = {
			isa = PBXGroup;
			children = (
				AE45BC78F13CAD25FF36A3D7 /* Pods-PokedexApplication.debug.xcconfig */,
				6BDFB46D9C3C210AD9A4E31F /* Pods-PokedexApplication.release.xcconfig */,
			);
			name = Pods;
			sourceTree = "<group>";
		};
		A51CE7831F826959003B8FD6 = {
			isa = PBXGroup;
			children = (
				A51CE78E1F826959003B8FD6 /* PokedexApplication */,
				A51CE78D1F826959003B8FD6 /* Products */,
				40C4D1142A4418A0C77F9200 /* Pods */,
				22B58851D73B0908563AA6AC /* Frameworks */,
			);
			sourceTree = "<group>";
		};
		A51CE78D1F826959003B8FD6 /* Products */ = {
			isa = PBXGroup;
			children = (
				A51CE78C1F826959003B8FD6 /* PokedexApplication.app */,
			);
			name = Products;
			sourceTree = "<group>";
		};
		A51CE78E1F826959003B8FD6 /* PokedexApplication */ = {
			isa = PBXGroup;
			children = (
				A51CE7A61F827699003B8FD6 /* View */,
				A51CE7A31F826F63003B8FD6 /* Model */,
				A51CE78F1F826959003B8FD6 /* AppDelegate.swift */,
				A57D53101F82CAA800620FE5 /* csv.swift */,
				A51CE7911F826959003B8FD6 /* ViewController.swift */,
				A5AF9C931F8D13D80022A79B /* PokemonDetailViewController.swift */,
				A51CE7931F826959003B8FD6 /* Main.storyboard */,
				A5FCCFD01F8BFBFC0011EB58 /* pokemon.ttf */,
				A5FCCFD21F8BFC290011EB58 /* music.mp3 */,
				A51CE7981F826959003B8FD6 /* LaunchScreen.storyboard */,
				A51CE7A11F826D12003B8FD6 /* Assets.xcassets */,
				A51CE7A21F826D2E003B8FD6 /* pokemon.csv */,
				A51CE79B1F826959003B8FD6 /* Info.plist */,
			);
			path = PokedexApplication;
			sourceTree = "<group>";
		};
		A51CE7A31F826F63003B8FD6 /* Model */ = {
			isa = PBXGroup;
			children = (
				A51CE7A41F826F76003B8FD6 /* Pokemon.swift */,
			);
			path = Model;
			sourceTree = "<group>";
		};
		A51CE7A61F827699003B8FD6 /* View */ = {
			isa = PBXGroup;
			children = (
				A51CE7A71F8276C4003B8FD6 /* PokemonCell.swift */,
			);
			path = View;
			sourceTree = "<group>";
		};
/* End PBXGroup section */

/* Begin PBXNativeTarget section */
		A51CE78B1F826959003B8FD6 /* PokedexApplication */ = {
			isa = PBXNativeTarget;
			buildConfigurationList = A51CE79E1F826959003B8FD6 /* Build configuration list for PBXNativeTarget "PokedexApplication" */;
			buildPhases = (
				9C44E62AA37E2AE9CB56CF9C /* [CP] Check Pods Manifest.lock */,
				A51CE7881F826959003B8FD6 /* Sources */,
				A51CE7891F826959003B8FD6 /* Frameworks */,
				A51CE78A1F826959003B8FD6 /* Resources */,
				C44EED25F21B021A80BAC7FF /* [CP] Embed Pods Frameworks */,
				D1796BF401819AE6AF8F38D1 /* [CP] Copy Pods Resources */,
			);
			buildRules = (
			);
			dependencies = (
			);
			name = PokedexApplication;
			productName = PokedexApplication;
			productReference = A51CE78C1F826959003B8FD6 /* PokedexApplication.app */;
			productType = "com.apple.product-type.application";
		};
/* End PBXNativeTarget section */

/* Begin PBXProject section */
		A51CE7841F826959003B8FD6 /* Project object */ = {
			isa = PBXProject;
			attributes = {
				LastSwiftUpdateCheck = 0900;
				LastUpgradeCheck = 0900;
				ORGANIZATIONNAME = edgarsvanags;
				TargetAttributes = {
					A51CE78B1F826959003B8FD6 = {
						CreatedOnToolsVersion = 9.0;
						ProvisioningStyle = Automatic;
					};
				};
			};
			buildConfigurationList = A51CE7871F826959003B8FD6 /* Build configuration list for PBXProject "PokedexApplication" */;
			compatibilityVersion = "Xcode 8.0";
			developmentRegion = en;
			hasScannedForEncodings = 0;
			knownRegions = (
				en,
				Base,
			);
			mainGroup = A51CE7831F826959003B8FD6;
			productRefGroup = A51CE78D1F826959003B8FD6 /* Products */;
			projectDirPath = "";
			projectRoot = "";
			targets = (
				A51CE78B1F826959003B8FD6 /* PokedexApplication */,
			);
		};
/* End PBXProject section */

/* Begin PBXResourcesBuildPhase section */
		A51CE78A1F826959003B8FD6 /* Resources */ = {
			isa = PBXResourcesBuildPhase;
			buildActionMask = 2147483647;
			files = (
				A51CE79A1F826959003B8FD6 /* LaunchScreen.storyboard in Resources */,
				A535AFA31F82881F007CEB79 /* Assets.xcassets in Resources */,
				A5E7D91F1F82D6000047E048 /* pokemon.csv in Resources */,
				A5FCCFD11F8BFBFF0011EB58 /* pokemon.ttf in Resources */,
				A5FCCFCF1F8BFBA50011EB58 /* Info.plist in Resources */,
				A5FCCFD31F8BFC2C0011EB58 /* music.mp3 in Resources */,
				A51CE7951F826959003B8FD6 /* Main.storyboard in Resources */,
			);
			runOnlyForDeploymentPostprocessing = 0;
		};
/* End PBXResourcesBuildPhase section */

/* Begin PBXShellScriptBuildPhase section */
		9C44E62AA37E2AE9CB56CF9C /* [CP] Check Pods Manifest.lock */ = {
			isa = PBXShellScriptBuildPhase;
			buildActionMask = 2147483647;
			files = (
			);
			inputPaths = (
				"${PODS_PODFILE_DIR_PATH}/Podfile.lock",
				"${PODS_ROOT}/Manifest.lock",
			);
			name = "[CP] Check Pods Manifest.lock";
			outputPaths = (
				"$(DERIVED_FILE_DIR)/Pods-PokedexApplication-checkManifestLockResult.txt",
			);
			runOnlyForDeploymentPostprocessing = 0;
			shellPath = /bin/sh;
			shellScript = "diff \"${PODS_PODFILE_DIR_PATH}/Podfile.lock\" \"${PODS_ROOT}/Manifest.lock\" > /dev/null\nif [ $? != 0 ] ; then\n    # print error to STDERR\n    echo \"error: The sandbox is not in sync with the Podfile.lock. Run 'pod install' or update your CocoaPods installation.\" >&2\n    exit 1\nfi\n# This output is used by Xcode 'outputs' to avoid re-running this script phase.\necho \"SUCCESS\" > \"${SCRIPT_OUTPUT_FILE_0}\"\n";
			showEnvVarsInLog = 0;
		};
		C44EED25F21B021A80BAC7FF /* [CP] Embed Pods Frameworks */ = {
			isa = PBXShellScriptBuildPhase;
			buildActionMask = 2147483647;
			files = (
			);
			inputPaths = (
				"${SRCROOT}/Pods/Target Support Files/Pods-PokedexApplication/Pods-PokedexApplication-frameworks.sh",
				"${BUILT_PRODUCTS_DIR}/Alamofire/Alamofire.framework",
			);
			name = "[CP] Embed Pods Frameworks";
			outputPaths = (
				"${TARGET_BUILD_DIR}/${FRAMEWORKS_FOLDER_PATH}/Alamofire.framework",
			);
			runOnlyForDeploymentPostprocessing = 0;
			shellPath = /bin/sh;
			shellScript = "\"${SRCROOT}/Pods/Target Support Files/Pods-PokedexApplication/Pods-PokedexApplication-frameworks.sh\"\n";
			showEnvVarsInLog = 0;
		};
		D1796BF401819AE6AF8F38D1 /* [CP] Copy Pods Resources */ = {
			isa = PBXShellScriptBuildPhase;
			buildActionMask = 2147483647;
			files = (
			);
			inputPaths = (
			);
			name = "[CP] Copy Pods Resources";
			outputPaths = (
			);
			runOnlyForDeploymentPostprocessing = 0;
			shellPath = /bin/sh;
			shellScript = "\"${SRCROOT}/Pods/Target Support Files/Pods-PokedexApplication/Pods-PokedexApplication-resources.sh\"\n";
			showEnvVarsInLog = 0;
		};
/* End PBXShellScriptBuildPhase section */

/* Begin PBXSourcesBuildPhase section */
		A51CE7881F826959003B8FD6 /* Sources */ = {
			isa = PBXSourcesBuildPhase;
			buildActionMask = 2147483647;
			files = (
				A51CE7921F826959003B8FD6 /* ViewController.swift in Sources */,
				A51CE7A81F8276C4003B8FD6 /* PokemonCell.swift in Sources */,
				A51CE7901F826959003B8FD6 /* AppDelegate.swift in Sources */,
				A51CE7A51F826F76003B8FD6 /* Pokemon.swift in Sources */,
				A57D53111F82CAA800620FE5 /* csv.swift in Sources */,
				A5AF9C941F8D13D80022A79B /* PokemonDetailViewController.swift in Sources */,
			);
			runOnlyForDeploymentPostprocessing = 0;
		};
/* End PBXSourcesBuildPhase section */

/* Begin PBXVariantGroup section */
		A51CE7931F826959003B8FD6 /* Main.storyboard */ = {
			isa = PBXVariantGroup;
			children = (
				A51CE7941F826959003B8FD6 /* Base */,
			);
			name = Main.storyboard;
			sourceTree = "<group>";
		};
		A51CE7981F826959003B8FD6 /* LaunchScreen.storyboard */ = {
			isa = PBXVariantGroup;
			children = (
				A51CE7991F826959003B8FD6 /* Base */,
			);
			name = LaunchScreen.storyboard;
			sourceTree = "<group>";
		};
/* End PBXVariantGroup section */

/* Begin XCBuildConfiguration section */
		A51CE79C1F826959003B8FD6 /* Debug */ = {
			isa = XCBuildConfiguration;
			buildSettings = {
				ALWAYS_SEARCH_USER_PATHS = NO;
				CLANG_ANALYZER_NONNULL = YES;
				CLANG_ANALYZER_NUMBER_OBJECT_CONVERSION = YES_AGGRESSIVE;
				CLANG_CXX_LANGUAGE_STANDARD = "gnu++14";
				CLANG_CXX_LIBRARY = "libc++";
				CLANG_ENABLE_MODULES = YES;
				CLANG_ENABLE_OBJC_ARC = YES;
				CLANG_WARN_BLOCK_CAPTURE_AUTORELEASING = YES;
				CLANG_WARN_BOOL_CONVERSION = YES;
				CLANG_WARN_COMMA = YES;
				CLANG_WARN_CONSTANT_CONVERSION = YES;
				CLANG_WARN_DIRECT_OBJC_ISA_USAGE = YES_ERROR;
				CLANG_WARN_DOCUMENTATION_COMMENTS = YES;
				CLANG_WARN_EMPTY_BODY = YES;
				CLANG_WARN_ENUM_CONVERSION = YES;
				CLANG_WARN_INFINITE_RECURSION = YES;
				CLANG_WARN_INT_CONVERSION = YES;
				CLANG_WARN_NON_LITERAL_NULL_CONVERSION = YES;
				CLANG_WARN_OBJC_LITERAL_CONVERSION = YES;
				CLANG_WARN_OBJC_ROOT_CLASS = YES_ERROR;
				CLANG_WARN_RANGE_LOOP_ANALYSIS = YES;
				CLANG_WARN_STRICT_PROTOTYPES = YES;
				CLANG_WARN_SUSPICIOUS_MOVE = YES;
				CLANG_WARN_UNGUARDED_AVAILABILITY = YES_AGGRESSIVE;
				CLANG_WARN_UNREACHABLE_CODE = YES;
				CLANG_WARN__DUPLICATE_METHOD_MATCH = YES;
				CODE_SIGN_IDENTITY = "iPhone Developer";
				COPY_PHASE_STRIP = NO;
				DEBUG_INFORMATION_FORMAT = dwarf;
				ENABLE_STRICT_OBJC_MSGSEND = YES;
				ENABLE_TESTABILITY = YES;
				GCC_C_LANGUAGE_STANDARD = gnu11;
				GCC_DYNAMIC_NO_PIC = NO;
				GCC_NO_COMMON_BLOCKS = YES;
				GCC_OPTIMIZATION_LEVEL = 0;
				GCC_PREPROCESSOR_DEFINITIONS = (
					"DEBUG=1",
					"$(inherited)",
				);
				GCC_WARN_64_TO_32_BIT_CONVERSION = YES;
				GCC_WARN_ABOUT_RETURN_TYPE = YES_ERROR;
				GCC_WARN_UNDECLARED_SELECTOR = YES;
				GCC_WARN_UNINITIALIZED_AUTOS = YES_AGGRESSIVE;
				GCC_WARN_UNUSED_FUNCTION = YES;
				GCC_WARN_UNUSED_VARIABLE = YES;
				IPHONEOS_DEPLOYMENT_TARGET = 11.0;
				MTL_ENABLE_DEBUG_INFO = YES;
				ONLY_ACTIVE_ARCH = YES;
				SDKROOT = iphoneos;
				SWIFT_ACTIVE_COMPILATION_CONDITIONS = DEBUG;
				SWIFT_OPTIMIZATION_LEVEL = "-Onone";
			};
			name = Debug;
		};
		A51CE79D1F826959003B8FD6 /* Release */ = {
			isa = XCBuildConfiguration;
			buildSettings = {
				ALWAYS_SEARCH_USER_PATHS = NO;
				CLANG_ANALYZER_NONNULL = YES;
				CLANG_ANALYZER_NUMBER_OBJECT_CONVERSION = YES_AGGRESSIVE;
				CLANG_CXX_LANGUAGE_STANDARD = "gnu++14";
				CLANG_CXX_LIBRARY = "libc++";
				CLANG_ENABLE_MODULES = YES;
				CLANG_ENABLE_OBJC_ARC = YES;
				CLANG_WARN_BLOCK_CAPTURE_AUTORELEASING = YES;
				CLANG_WARN_BOOL_CONVERSION = YES;
				CLANG_WARN_COMMA = YES;
				CLANG_WARN_CONSTANT_CONVERSION = YES;
				CLANG_WARN_DIRECT_OBJC_ISA_USAGE = YES_ERROR;
				CLANG_WARN_DOCUMENTATION_COMMENTS = YES;
				CLANG_WARN_EMPTY_BODY = YES;
				CLANG_WARN_ENUM_CONVERSION = YES;
				CLANG_WARN_INFINITE_RECURSION = YES;
				CLANG_WARN_INT_CONVERSION = YES;
				CLANG_WARN_NON_LITERAL_NULL_CONVERSION = YES;
				CLANG_WARN_OBJC_LITERAL_CONVERSION = YES;
				CLANG_WARN_OBJC_ROOT_CLASS = YES_ERROR;
				CLANG_WARN_RANGE_LOOP_ANALYSIS = YES;
				CLANG_WARN_STRICT_PROTOTYPES = YES;
				CLANG_WARN_SUSPICIOUS_MOVE = YES;
				CLANG_WARN_UNGUARDED_AVAILABILITY = YES_AGGRESSIVE;
				CLANG_WARN_UNREACHABLE_CODE = YES;
				CLANG_WARN__DUPLICATE_METHOD_MATCH = YES;
				CODE_SIGN_IDENTITY = "iPhone Developer";
				COPY_PHASE_STRIP = NO;
				DEBUG_INFORMATION_FORMAT = "dwarf-with-dsym";
				ENABLE_NS_ASSERTIONS = NO;
				ENABLE_STRICT_OBJC_MSGSEND = YES;
				GCC_C_LANGUAGE_STANDARD = gnu11;
				GCC_NO_COMMON_BLOCKS = YES;
				GCC_WARN_64_TO_32_BIT_CONVERSION = YES;
				GCC_WARN_ABOUT_RETURN_TYPE = YES_ERROR;
				GCC_WARN_UNDECLARED_SELECTOR = YES;
				GCC_WARN_UNINITIALIZED_AUTOS = YES_AGGRESSIVE;
				GCC_WARN_UNUSED_FUNCTION = YES;
				GCC_WARN_UNUSED_VARIABLE = YES;
				IPHONEOS_DEPLOYMENT_TARGET = 11.0;
				MTL_ENABLE_DEBUG_INFO = NO;
				SDKROOT = iphoneos;
				SWIFT_OPTIMIZATION_LEVEL = "-Owholemodule";
				VALIDATE_PRODUCT = YES;
			};
			name = Release;
		};
		A51CE79F1F826959003B8FD6 /* Debug */ = {
			isa = XCBuildConfiguration;
			baseConfigurationReference = AE45BC78F13CAD25FF36A3D7 /* Pods-PokedexApplication.debug.xcconfig */;
			buildSettings = {
				ASSETCATALOG_COMPILER_APPICON_NAME = AppIcon;
				ASSETCATALOG_COMPILER_LAUNCHIMAGE_NAME = LaunchImage;
				CODE_SIGN_STYLE = Automatic;
				DEVELOPMENT_TEAM = D6X36654RS;
				INFOPLIST_FILE = PokedexApplication/Info.plist;
				IPHONEOS_DEPLOYMENT_TARGET = 11.0;
				LD_RUNPATH_SEARCH_PATHS = "$(inherited) @executable_path/Frameworks";
				PRODUCT_BUNDLE_IDENTIFIER = com.edgarsvanags.PokedexApplication;
				PRODUCT_NAME = "$(TARGET_NAME)";
				SWIFT_VERSION = 4.0;
				TARGETED_DEVICE_FAMILY = "1,2";
			};
			name = Debug;
		};
		A51CE7A01F826959003B8FD6 /* Release */ = {
			isa = XCBuildConfiguration;
			baseConfigurationReference = 6BDFB46D9C3C210AD9A4E31F /* Pods-PokedexApplication.release.xcconfig */;
			buildSettings = {
				ASSETCATALOG_COMPILER_APPICON_NAME = AppIcon;
				ASSETCATALOG_COMPILER_LAUNCHIMAGE_NAME = LaunchImage;
				CODE_SIGN_STYLE = Automatic;
				DEVELOPMENT_TEAM = D6X36654RS;
				INFOPLIST_FILE = PokedexApplication/Info.plist;
				IPHONEOS_DEPLOYMENT_TARGET = 11.0;
				LD_RUNPATH_SEARCH_PATHS = "$(inherited) @executable_path/Frameworks";
				PRODUCT_BUNDLE_IDENTIFIER = com.edgarsvanags.PokedexApplication;
				PRODUCT_NAME = "$(TARGET_NAME)";
				SWIFT_VERSION = 4.0;
				TARGETED_DEVICE_FAMILY = "1,2";
			};
			name = Release;
		};
/* End XCBuildConfiguration section */

/* Begin XCConfigurationList section */
		A51CE7871F826959003B8FD6 /* Build configuration list for PBXProject "PokedexApplication" */ = {
			isa = XCConfigurationList;
			buildConfigurations = (
				A51CE79C1F826959003B8FD6 /* Debug */,
				A51CE79D1F826959003B8FD6 /* Release */,
			);
			defaultConfigurationIsVisible = 0;
			defaultConfigurationName = Release;
		};
		A51CE79E1F826959003B8FD6 /* Build configuration list for PBXNativeTarget "PokedexApplication" */ = {
			isa = XCConfigurationList;
			buildConfigurations = (
				A51CE79F1F826959003B8FD6 /* Debug */,
				A51CE7A01F826959003B8FD6 /* Release */,
			);
			defaultConfigurationIsVisible = 0;
			defaultConfigurationName = Release;
		};
/* End XCConfigurationList section */
	};
	rootObject = A51CE7841F826959003B8FD6 /* Project object */;
}
